
Microsoft Visual Studio Solution File, Format Version 12.00
# Visual Studio Version 17
VisualStudioVersion = 17.1.32210.238
MinimumVisualStudioVersion = 10.0.40219.1
Project("{FAE04EC0-301F-11D3-BF4B-00C04F79EFBC}") = "Esercitazione.Week5", "Esercitazione.Week5\Esercitazione.Week5.csproj", "{74172882-31AE-4524-AE2A-50EC5DA07D92}"
EndProject
Global
	GlobalSection(SolutionConfigurationPlatforms) = preSolution
		Debug|Any CPU = Debug|Any CPU
		Release|Any CPU = Release|Any CPU
	EndGlobalSection
	GlobalSection(ProjectConfigurationPlatforms) = postSolution
		{74172882-31AE-4524-AE2A-50EC5DA07D92}.Debug|Any CPU.ActiveCfg = Debug|Any CPU
		{74172882-31AE-4524-AE2A-50EC5DA07D92}.Debug|Any CPU.Build.0 = Debug|Any CPU
		{74172882-31AE-4524-AE2A-50EC5DA07D92}.Release|Any CPU.ActiveCfg = Release|Any CPU
		{74172882-31AE-4524-AE2A-50EC5DA07D92}.Release|Any CPU.Build.0 = Release|Any CPU
	EndGlobalSection
	GlobalSection(SolutionProperties) = preSolution
		HideSolutionNode = FALSE
	EndGlobalSection
	GlobalSection(ExtensibilityGlobals) = postSolution
		SolutionGuid = {6AD7923D-CF9E-4712-B6A6-F7C97EA62202}
	EndGlobalSection
EndGlobal
